// !$*UTF8*$!
{
	archiveVersion = 1;
	classes = {
	};
	objectVersion = 55;
	objects = {

/* Begin PBXBuildFile section */
		6638237828BA7F8000D470BA /* main.swift in Sources */ = {isa = PBXBuildFile; fileRef = 6638237728BA7F8000D470BA /* main.swift */; };
		6638237F28BA7FA300D470BA /* PersonProtocol.swift in Sources */ = {isa = PBXBuildFile; fileRef = 6638237E28BA7FA300D470BA /* PersonProtocol.swift */; };
		6638238128BA7FC700D470BA /* Person.swift in Sources */ = {isa = PBXBuildFile; fileRef = 6638238028BA7FC700D470BA /* Person.swift */; };
		6638238328BA7FDD00D470BA /* StudentProtocol.swift in Sources */ = {isa = PBXBuildFile; fileRef = 6638238228BA7FDD00D470BA /* StudentProtocol.swift */; };
		6638238528BA7FEE00D470BA /* Student.swift in Sources */ = {isa = PBXBuildFile; fileRef = 6638238428BA7FEE00D470BA /* Student.swift */; };
/* End PBXBuildFile section */

/* Begin PBXCopyFilesBuildPhase section */
		6638237228BA7F8000D470BA /* CopyFiles */ = {
			isa = PBXCopyFilesBuildPhase;
			buildActionMask = 2147483647;
			dstPath = /usr/share/man/man1/;
			dstSubfolderSpec = 0;
			files = (
			);
			runOnlyForDeploymentPostprocessing = 1;
		};
/* End PBXCopyFilesBuildPhase section */

/* Begin PBXFileReference section */
		6638237428BA7F8000D470BA /* MemberDicoding */ = {isa = PBXFileReference; explicitFileType = "compiled.mach-o.executable"; includeInIndex = 0; path = MemberDicoding; sourceTree = BUILT_PRODUCTS_DIR; };
		6638237728BA7F8000D470BA /* main.swift */ = {isa = PBXFileReference; lastKnownFileType = sourcecode.swift; path = main.swift; sourceTree = "<group>"; };
		6638237E28BA7FA300D470BA /* PersonProtocol.swift */ = {isa = PBXFileReference; lastKnownFileType = sourcecode.swift; path = PersonProtocol.swift; sourceTree = "<group>"; };
		6638238028BA7FC700D470BA /* Person.swift */ = {isa = PBXFileReference; lastKnownFileType = sourcecode.swift; path = Person.swift; sourceTree = "<group>"; };
		6638238228BA7FDD00D470BA /* StudentProtocol.swift */ = {isa = PBXFileReference; lastKnownFileType = sourcecode.swift; path = StudentProtocol.swift; sourceTree = "<group>"; };
		6638238428BA7FEE00D470BA /* Student.swift */ = {isa = PBXFileReference; lastKnownFileType = sourcecode.swift; path = Student.swift; sourceTree = "<group>"; };
/* End PBXFileReference section */

/* Begin PBXFrameworksBuildPhase section */
		6638237128BA7F8000D470BA /* Frameworks */ = {
			isa = PBXFrameworksBuildPhase;
			buildActionMask = 2147483647;
			files = (
			);
			runOnlyForDeploymentPostprocessing = 0;
		};
/* End PBXFrameworksBuildPhase section */

/* Begin PBXGroup section */
		6638236B28BA7F8000D470BA = {
			isa = PBXGroup;
			children = (
				6638237628BA7F8000D470BA /* MemberDicoding */,
				6638237528BA7F8000D470BA /* Products */,
			);
			sourceTree = "<group>";
		};
		6638237528BA7F8000D470BA /* Products */ = {
			isa = PBXGroup;
			children = (
				6638237428BA7F8000D470BA /* MemberDicoding */,
			);
			name = Products;
			sourceTree = "<group>";
		};
		6638237628BA7F8000D470BA /* MemberDicoding */ = {
			isa = PBXGroup;
			children = (
				6638237728BA7F8000D470BA /* main.swift */,
				6638237E28BA7FA300D470BA /* PersonProtocol.swift */,
				6638238028BA7FC700D470BA /* Person.swift */,
				6638238228BA7FDD00D470BA /* StudentProtocol.swift */,
				6638238428BA7FEE00D470BA /* Student.swift */,
			);
			path = MemberDicoding;
			sourceTree = "<group>";
		};
/* End PBXGroup section */

/* Begin PBXNativeTarget section */
		6638237328BA7F8000D470BA /* MemberDicoding */ = {
			isa = PBXNativeTarget;
			buildConfigurationList = 6638237B28BA7F8000D470BA /* Build configuration list for PBXNativeTarget "MemberDicoding" */;
			buildPhases = (
				6638237028BA7F8000D470BA /* Sources */,
				6638237128BA7F8000D470BA /* Frameworks */,
				6638237228BA7F8000D470BA /* CopyFiles */,
			);
			buildRules = (
			);
			dependencies = (
			);
			name = MemberDicoding;
			productName = MemberDicoding;
			productReference = 6638237428BA7F8000D470BA /* MemberDicoding */;
			productType = "com.apple.product-type.tool";
		};
/* End PBXNativeTarget section */

/* Begin PBXProject section */
		6638236C28BA7F8000D470BA /* Project object */ = {
			isa = PBXProject;
			attributes = {
				BuildIndependentTargetsInParallel = 1;
				LastSwiftUpdateCheck = 1340;
				LastUpgradeCheck = 1340;
				TargetAttributes = {
					6638237328BA7F8000D470BA = {
						CreatedOnToolsVersion = 13.4.1;
					};
				};
			};
			buildConfigurationList = 6638236F28BA7F8000D470BA /* Build configuration list for PBXProject "MemberDicoding" */;
			compatibilityVersion = "Xcode 13.0";
			developmentRegion = en;
			hasScannedForEncodings = 0;
			knownRegions = (
				en,
				Base,
			);
			mainGroup = 6638236B28BA7F8000D470BA;
			productRefGroup = 6638237528BA7F8000D470BA /* Products */;
			projectDirPath = "";
			projectRoot = "";
			targets = (
				6638237328BA7F8000D470BA /* MemberDicoding */,
			);
		};
/* End PBXProject section */

/* Begin PBXSourcesBuildPhase section */
		6638237028BA7F8000D470BA /* Sources */ = {
			isa = PBXSourcesBuildPhase;
			buildActionMask = 2147483647;
			files = (
				6638238128BA7FC700D470BA /* Person.swift in Sources */,
				6638238328BA7FDD00D470BA /* StudentProtocol.swift in Sources */,
				6638237828BA7F8000D470BA /* main.swift in Sources */,
				6638238528BA7FEE00D470BA /* Student.swift in Sources */,
				6638237F28BA7FA300D470BA /* PersonProtocol.swift in Sources */,
			);
			runOnlyForDeploymentPostprocessing = 0;
		};
/* End PBXSourcesBuildPhase section */

/* Begin XCBuildConfiguration section */
		6638237928BA7F8000D470BA /* Debug */ = {
			isa = XCBuildConfiguration;
			buildSettings = {
				ALWAYS_SEARCH_USER_PATHS = NO;
				CLANG_ANALYZER_NONNULL = YES;
				CLANG_ANALYZER_NUMBER_OBJECT_CONVERSION = YES_AGGRESSIVE;
				CLANG_CXX_LANGUAGE_STANDARD = "gnu++17";
				CLANG_ENABLE_MODULES = YES;
				CLANG_ENABLE_OBJC_ARC = YES;
				CLANG_ENABLE_OBJC_WEAK = YES;
				CLANG_WARN_BLOCK_CAPTURE_AUTORELEASING = YES;
				CLANG_WARN_BOOL_CONVERSION = YES;
				CLANG_WARN_COMMA = YES;
				CLANG_WARN_CONSTANT_CONVERSION = YES;
				CLANG_WARN_DEPRECATED_OBJC_IMPLEMENTATIONS = YES;
				CLANG_WARN_DIRECT_OBJC_ISA_USAGE = YES_ERROR;
				CLANG_WARN_DOCUMENTATION_COMMENTS = YES;
				CLANG_WARN_EMPTY_BODY = YES;
				CLANG_WARN_ENUM_CONVERSION = YES;
				CLANG_WARN_INFINITE_RECURSION = YES;
				CLANG_WARN_INT_CONVERSION = YES;
				CLANG_WARN_NON_LITERAL_NULL_CONVERSION = YES;
				CLANG_WARN_OBJC_IMPLICIT_RETAIN_SELF = YES;
				CLANG_WARN_OBJC_LITERAL_CONVERSION = YES;
				CLANG_WARN_OBJC_ROOT_CLASS = YES_ERROR;
				CLANG_WARN_QUOTED_INCLUDE_IN_FRAMEWORK_HEADER = YES;
				CLANG_WARN_RANGE_LOOP_ANALYSIS = YES;
				CLANG_WARN_STRICT_PROTOTYPES = YES;
				CLANG_WARN_SUSPICIOUS_MOVE = YES;
				CLANG_WARN_UNGUARDED_AVAILABILITY = YES_AGGRESSIVE;
				CLANG_WARN_UNREACHABLE_CODE = YES;
				CLANG_WARN__DUPLICATE_METHOD_MATCH = YES;
				COPY_PHASE_STRIP = NO;
				DEBUG_INFORMATION_FORMAT = dwarf;
				ENABLE_STRICT_OBJC_MSGSEND = YES;
				ENABLE_TESTABILITY = YES;
				GCC_C_LANGUAGE_STANDARD = gnu11;
				GCC_DYNAMIC_NO_PIC = NO;
				GCC_NO_COMMON_BLOCKS = YES;
				GCC_OPTIMIZATION_LEVEL = 0;
				GCC_PREPROCESSOR_DEFINITIONS = (
					"DEBUG=1",
					"$(inherited)",
				);
				GCC_WARN_64_TO_32_BIT_CONVERSION = YES;
				GCC_WARN_ABOUT_RETURN_TYPE = YES_ERROR;
				GCC_WARN_UNDECLARED_SELECTOR = YES;
				GCC_WARN_UNINITIALIZED_AUTOS = YES_AGGRESSIVE;
				GCC_WARN_UNUSED_FUNCTION = YES;
				GCC_WARN_UNUSED_VARIABLE = YES;
				MACOSX_DEPLOYMENT_TARGET = 12.3;
				MTL_ENABLE_DEBUG_INFO = INCLUDE_SOURCE;
				MTL_FAST_MATH = YES;
				ONLY_ACTIVE_ARCH = YES;
				SDKROOT = macosx;
				SWIFT_ACTIVE_COMPILATION_CONDITIONS = DEBUG;
				SWIFT_OPTIMIZATION_LEVEL = "-Onone";
			};
			name = Debug;
		};
		6638237A28BA7F8000D470BA /* Release */ = {
			isa = XCBuildConfiguration;
			buildSettings = {
				ALWAYS_SEARCH_USER_PATHS = NO;
				CLANG_ANALYZER_NONNULL = YES;
				CLANG_ANALYZER_NUMBER_OBJECT_CONVERSION = YES_AGGRESSIVE;
				CLANG_CXX_LANGUAGE_STANDARD = "gnu++17";
				CLANG_ENABLE_MODULES = YES;
				CLANG_ENABLE_OBJC_ARC = YES;
				CLANG_ENABLE_OBJC_WEAK = YES;
				CLANG_WARN_BLOCK_CAPTURE_AUTORELEASING = YES;
				CLANG_WARN_BOOL_CONVERSION = YES;
				CLANG_WARN_COMMA = YES;
				CLANG_WARN_CONSTANT_CONVERSION = YES;
				CLANG_WARN_DEPRECATED_OBJC_IMPLEMENTATIONS = YES;
				CLANG_WARN_DIRECT_OBJC_ISA_USAGE = YES_ERROR;
				CLANG_WARN_DOCUMENTATION_COMMENTS = YES;
				CLANG_WARN_EMPTY_BODY = YES;
				CLANG_WARN_ENUM_CONVERSION = YES;
				CLANG_WARN_INFINITE_RECURSION = YES;
				CLANG_WARN_INT_CONVERSION = YES;
				CLANG_WARN_NON_LITERAL_NULL_CONVERSION = YES;
				CLANG_WARN_OBJC_IMPLICIT_RETAIN_SELF = YES;
				CLANG_WARN_OBJC_LITERAL_CONVERSION = YES;
				CLANG_WARN_OBJC_ROOT_CLASS = YES_ERROR;
				CLANG_WARN_QUOTED_INCLUDE_IN_FRAMEWORK_HEADER = YES;
				CLANG_WARN_RANGE_LOOP_ANALYSIS = YES;
				CLANG_WARN_STRICT_PROTOTYPES = YES;
				CLANG_WARN_SUSPICIOUS_MOVE = YES;
				CLANG_WARN_UNGUARDED_AVAILABILITY = YES_AGGRESSIVE;
				CLANG_WARN_UNREACHABLE_CODE = YES;
				CLANG_WARN__DUPLICATE_METHOD_MATCH = YES;
				COPY_PHASE_STRIP = NO;
				DEBUG_INFORMATION_FORMAT = "dwarf-with-dsym";
				ENABLE_NS_ASSERTIONS = NO;
				ENABLE_STRICT_OBJC_MSGSEND = YES;
				GCC_C_LANGUAGE_STANDARD = gnu11;
				GCC_NO_COMMON_BLOCKS = YES;
				GCC_WARN_64_TO_32_BIT_CONVERSION = YES;
				GCC_WARN_ABOUT_RETURN_TYPE = YES_ERROR;
				GCC_WARN_UNDECLARED_SELECTOR = YES;
				GCC_WARN_UNINITIALIZED_AUTOS = YES_AGGRESSIVE;
				GCC_WARN_UNUSED_FUNCTION = YES;
				GCC_WARN_UNUSED_VARIABLE = YES;
				MACOSX_DEPLOYMENT_TARGET = 12.3;
				MTL_ENABLE_DEBUG_INFO = NO;
				MTL_FAST_MATH = YES;
				SDKROOT = macosx;
				SWIFT_COMPILATION_MODE = wholemodule;
				SWIFT_OPTIMIZATION_LEVEL = "-O";
			};
			name = Release;
		};
		6638237C28BA7F8000D470BA /* Debug */ = {
			isa = XCBuildConfiguration;
			buildSettings = {
				CODE_SIGN_STYLE = Automatic;
				DEVELOPMENT_TEAM = 4C39QYYJLQ;
				ENABLE_HARDENED_RUNTIME = YES;
				PRODUCT_NAME = "$(TARGET_NAME)";
				SWIFT_VERSION = 5.0;
			};
			name = Debug;
		};
		6638237D28BA7F8000D470BA /* Release */ = {
			isa = XCBuildConfiguration;
			buildSettings = {
				CODE_SIGN_STYLE = Automatic;
				DEVELOPMENT_TEAM = 4C39QYYJLQ;
				ENABLE_HARDENED_RUNTIME = YES;
				PRODUCT_NAME = "$(TARGET_NAME)";
				SWIFT_VERSION = 5.0;
			};
			name = Release;
		};
/* End XCBuildConfiguration section */

/* Begin XCConfigurationList section */
		6638236F28BA7F8000D470BA /* Build configuration list for PBXProject "MemberDicoding" */ = {
			isa = XCConfigurationList;
			buildConfigurations = (
				6638237928BA7F8000D470BA /* Debug */,
				6638237A28BA7F8000D470BA /* Release */,
			);
			defaultConfigurationIsVisible = 0;
			defaultConfigurationName = Release;
		};
		6638237B28BA7F8000D470BA /* Build configuration list for PBXNativeTarget "MemberDicoding" */ = {
			isa = XCConfigurationList;
			buildConfigurations = (
				6638237C28BA7F8000D470BA /* Debug */,
				6638237D28BA7F8000D470BA /* Release */,
			);
			defaultConfigurationIsVisible = 0;
			defaultConfigurationName = Release;
		};
/* End XCConfigurationList section */
	};
	rootObject = 6638236C28BA7F8000D470BA /* Project object */;
}
